<?xml version="1.0"?>
<projectfile version="1.0" name="SD">
  <settings>
    <tool name="PADSLayout">
      <section name="Properties">
        <entry name="Top Schematic" value=""/>
        <entry name="PCB File" value=""/>
        <entry name="Configuration File" value="C:\MentorGraphics\2007PADS\SDD_HOME\standard\pads2007.cfg"/>
      </section>
    </tool>
  </settings>
</projectfile>
